
Microsoft Visual Studio Solution File, Format Version 12.00
# Visual Studio 15
VisualStudioVersion = 15.0.28307.1500
MinimumVisualStudioVersion = 10.0.40219.1
Project("{FAE04EC0-301F-11D3-BF4B-00C04F79EFBC}") = "ProjetoMvcValidacao3", "ProjetoMvcValidacao3\ProjetoMvcValidacao3.csproj", "{64827803-168C-4CDD-802F-8EA42C0204BD}"
EndProject
Global
	GlobalSection(SolutionConfigurationPlatforms) = preSolution
		Debug|Any CPU = Debug|Any CPU
		Release|Any CPU = Release|Any CPU
	EndGlobalSection
	GlobalSection(ProjectConfigurationPlatforms) = postSolution
		{64827803-168C-4CDD-802F-8EA42C0204BD}.Debug|Any CPU.ActiveCfg = Debug|Any CPU
		{64827803-168C-4CDD-802F-8EA42C0204BD}.Debug|Any CPU.Build.0 = Debug|Any CPU
		{64827803-168C-4CDD-802F-8EA42C0204BD}.Release|Any CPU.ActiveCfg = Release|Any CPU
		{64827803-168C-4CDD-802F-8EA42C0204BD}.Release|Any CPU.Build.0 = Release|Any CPU
	EndGlobalSection
	GlobalSection(SolutionProperties) = preSolution
		HideSolutionNode = FALSE
	EndGlobalSection
	GlobalSection(ExtensibilityGlobals) = postSolution
		SolutionGuid = {B8814D83-FE2A-4AB3-B5B7-64037FFA6B64}
	EndGlobalSection
EndGlobal
