
Microsoft Visual Studio Solution File, Format Version 12.00
# Visual Studio 15
VisualStudioVersion = 15.0.28307.1500
MinimumVisualStudioVersion = 10.0.40219.1
Project("{FAE04EC0-301F-11D3-BF4B-00C04F79EFBC}") = "ProjetoMvcValidacao", "ProjetoMvcValidacao\ProjetoMvcValidacao.csproj", "{25FD5D66-0F6C-4B51-AB4F-3C2208302C52}"
EndProject
Global
	GlobalSection(SolutionConfigurationPlatforms) = preSolution
		Debug|Any CPU = Debug|Any CPU
		Release|Any CPU = Release|Any CPU
	EndGlobalSection
	GlobalSection(ProjectConfigurationPlatforms) = postSolution
		{25FD5D66-0F6C-4B51-AB4F-3C2208302C52}.Debug|Any CPU.ActiveCfg = Debug|Any CPU
		{25FD5D66-0F6C-4B51-AB4F-3C2208302C52}.Debug|Any CPU.Build.0 = Debug|Any CPU
		{25FD5D66-0F6C-4B51-AB4F-3C2208302C52}.Release|Any CPU.ActiveCfg = Release|Any CPU
		{25FD5D66-0F6C-4B51-AB4F-3C2208302C52}.Release|Any CPU.Build.0 = Release|Any CPU
	EndGlobalSection
	GlobalSection(SolutionProperties) = preSolution
		HideSolutionNode = FALSE
	EndGlobalSection
	GlobalSection(ExtensibilityGlobals) = postSolution
		SolutionGuid = {61837774-75B5-45DF-9D52-64A392444E92}
	EndGlobalSection
EndGlobal
