
Microsoft Visual Studio Solution File, Format Version 12.00
# Visual Studio 15
VisualStudioVersion = 15.0.28307.1500
MinimumVisualStudioVersion = 10.0.40219.1
Project("{FAE04EC0-301F-11D3-BF4B-00C04F79EFBC}") = "ProjetoBusinessObjects", "ProjetoBusinessObjects\ProjetoBusinessObjects.csproj", "{51F7137C-ED82-4FE2-A095-B3EDFE81619E}"
EndProject
Project("{FAE04EC0-301F-11D3-BF4B-00C04F79EFBC}") = "Business", "Business\Business.csproj", "{06179738-90FA-4545-B243-73612A6A1A71}"
EndProject
Global
	GlobalSection(SolutionConfigurationPlatforms) = preSolution
		Debug|Any CPU = Debug|Any CPU
		Release|Any CPU = Release|Any CPU
	EndGlobalSection
	GlobalSection(ProjectConfigurationPlatforms) = postSolution
		{51F7137C-ED82-4FE2-A095-B3EDFE81619E}.Debug|Any CPU.ActiveCfg = Debug|Any CPU
		{51F7137C-ED82-4FE2-A095-B3EDFE81619E}.Debug|Any CPU.Build.0 = Debug|Any CPU
		{51F7137C-ED82-4FE2-A095-B3EDFE81619E}.Release|Any CPU.ActiveCfg = Release|Any CPU
		{51F7137C-ED82-4FE2-A095-B3EDFE81619E}.Release|Any CPU.Build.0 = Release|Any CPU
		{06179738-90FA-4545-B243-73612A6A1A71}.Debug|Any CPU.ActiveCfg = Debug|Any CPU
		{06179738-90FA-4545-B243-73612A6A1A71}.Debug|Any CPU.Build.0 = Debug|Any CPU
		{06179738-90FA-4545-B243-73612A6A1A71}.Release|Any CPU.ActiveCfg = Release|Any CPU
		{06179738-90FA-4545-B243-73612A6A1A71}.Release|Any CPU.Build.0 = Release|Any CPU
	EndGlobalSection
	GlobalSection(SolutionProperties) = preSolution
		HideSolutionNode = FALSE
	EndGlobalSection
	GlobalSection(ExtensibilityGlobals) = postSolution
		SolutionGuid = {AB049A28-F0E0-49B6-9C48-F3DE1CA1738F}
	EndGlobalSection
EndGlobal
