
Microsoft Visual Studio Solution File, Format Version 12.00
# Visual Studio Version 17
VisualStudioVersion = 17.1.32414.318
MinimumVisualStudioVersion = 10.0.40219.1
Project("{FAE04EC0-301F-11D3-BF4B-00C04F79EFBC}") = "CleanArchMvc.Application", "CleanArchMvc.Application\CleanArchMvc.Application.csproj", "{4A7BE0E7-1CCD-4573-B0BF-16EA1A93F249}"
EndProject
Project("{FAE04EC0-301F-11D3-BF4B-00C04F79EFBC}") = "CleanArchMvc.Domain", "CleanArchMvc.Domain\CleanArchMvc.Domain.csproj", "{529BEF08-03DB-4E6B-B9A1-DCA685AB5FE7}"
EndProject
Project("{FAE04EC0-301F-11D3-BF4B-00C04F79EFBC}") = "CleanArchMvc.Infra.Data", "CleanArchMvc.Infra.Data\CleanArchMvc.Infra.Data.csproj", "{14A37053-EB85-4D8A-A7F7-B759BC33F279}"
EndProject
Project("{FAE04EC0-301F-11D3-BF4B-00C04F79EFBC}") = "CleanArchMvc.Infra.IoC", "CleanArchMvc.Infra.IoC\CleanArchMvc.Infra.IoC.csproj", "{9B54B785-31CA-47C0-8BC1-D783ECDA5699}"
EndProject
Project("{FAE04EC0-301F-11D3-BF4B-00C04F79EFBC}") = "CleanArchMvc.WebUI", "CleanArchMvc.WebUI\CleanArchMvc.WebUI.csproj", "{0DA9B2C0-93C2-438C-BBF3-CDB415639E6E}"
EndProject
Global
	GlobalSection(SolutionConfigurationPlatforms) = preSolution
		Debug|Any CPU = Debug|Any CPU
		Release|Any CPU = Release|Any CPU
	EndGlobalSection
	GlobalSection(ProjectConfigurationPlatforms) = postSolution
		{4A7BE0E7-1CCD-4573-B0BF-16EA1A93F249}.Debug|Any CPU.ActiveCfg = Debug|Any CPU
		{4A7BE0E7-1CCD-4573-B0BF-16EA1A93F249}.Debug|Any CPU.Build.0 = Debug|Any CPU
		{4A7BE0E7-1CCD-4573-B0BF-16EA1A93F249}.Release|Any CPU.ActiveCfg = Release|Any CPU
		{4A7BE0E7-1CCD-4573-B0BF-16EA1A93F249}.Release|Any CPU.Build.0 = Release|Any CPU
		{529BEF08-03DB-4E6B-B9A1-DCA685AB5FE7}.Debug|Any CPU.ActiveCfg = Debug|Any CPU
		{529BEF08-03DB-4E6B-B9A1-DCA685AB5FE7}.Debug|Any CPU.Build.0 = Debug|Any CPU
		{529BEF08-03DB-4E6B-B9A1-DCA685AB5FE7}.Release|Any CPU.ActiveCfg = Release|Any CPU
		{529BEF08-03DB-4E6B-B9A1-DCA685AB5FE7}.Release|Any CPU.Build.0 = Release|Any CPU
		{14A37053-EB85-4D8A-A7F7-B759BC33F279}.Debug|Any CPU.ActiveCfg = Debug|Any CPU
		{14A37053-EB85-4D8A-A7F7-B759BC33F279}.Debug|Any CPU.Build.0 = Debug|Any CPU
		{14A37053-EB85-4D8A-A7F7-B759BC33F279}.Release|Any CPU.ActiveCfg = Release|Any CPU
		{14A37053-EB85-4D8A-A7F7-B759BC33F279}.Release|Any CPU.Build.0 = Release|Any CPU
		{9B54B785-31CA-47C0-8BC1-D783ECDA5699}.Debug|Any CPU.ActiveCfg = Debug|Any CPU
		{9B54B785-31CA-47C0-8BC1-D783ECDA5699}.Debug|Any CPU.Build.0 = Debug|Any CPU
		{9B54B785-31CA-47C0-8BC1-D783ECDA5699}.Release|Any CPU.ActiveCfg = Release|Any CPU
		{9B54B785-31CA-47C0-8BC1-D783ECDA5699}.Release|Any CPU.Build.0 = Release|Any CPU
		{0DA9B2C0-93C2-438C-BBF3-CDB415639E6E}.Debug|Any CPU.ActiveCfg = Debug|Any CPU
		{0DA9B2C0-93C2-438C-BBF3-CDB415639E6E}.Debug|Any CPU.Build.0 = Debug|Any CPU
		{0DA9B2C0-93C2-438C-BBF3-CDB415639E6E}.Release|Any CPU.ActiveCfg = Release|Any CPU
		{0DA9B2C0-93C2-438C-BBF3-CDB415639E6E}.Release|Any CPU.Build.0 = Release|Any CPU
	EndGlobalSection
	GlobalSection(SolutionProperties) = preSolution
		HideSolutionNode = FALSE
	EndGlobalSection
	GlobalSection(ExtensibilityGlobals) = postSolution
		SolutionGuid = {B0C4F3B9-CF8E-4A61-8AA7-85C47B44F025}
	EndGlobalSection
EndGlobal
