
Microsoft Visual Studio Solution File, Format Version 12.00
# Visual Studio 15
VisualStudioVersion = 15.0.28307.1500
MinimumVisualStudioVersion = 10.0.40219.1
Project("{FAE04EC0-301F-11D3-BF4B-00C04F79EFBC}") = "AtividadeValidacaoDataAnnotations", "AtividadeValidacaoDataAnnotations\AtividadeValidacaoDataAnnotations.csproj", "{F8B4CCBB-F0FF-4233-93D5-FEC9B64928D9}"
EndProject
Global
	GlobalSection(SolutionConfigurationPlatforms) = preSolution
		Debug|Any CPU = Debug|Any CPU
		Release|Any CPU = Release|Any CPU
	EndGlobalSection
	GlobalSection(ProjectConfigurationPlatforms) = postSolution
		{F8B4CCBB-F0FF-4233-93D5-FEC9B64928D9}.Debug|Any CPU.ActiveCfg = Debug|Any CPU
		{F8B4CCBB-F0FF-4233-93D5-FEC9B64928D9}.Debug|Any CPU.Build.0 = Debug|Any CPU
		{F8B4CCBB-F0FF-4233-93D5-FEC9B64928D9}.Release|Any CPU.ActiveCfg = Release|Any CPU
		{F8B4CCBB-F0FF-4233-93D5-FEC9B64928D9}.Release|Any CPU.Build.0 = Release|Any CPU
	EndGlobalSection
	GlobalSection(SolutionProperties) = preSolution
		HideSolutionNode = FALSE
	EndGlobalSection
	GlobalSection(ExtensibilityGlobals) = postSolution
		SolutionGuid = {ED5CAF0C-32A9-4BE2-84F3-8B3F757E44BC}
	EndGlobalSection
EndGlobal
